// !$*UTF8*$!
{
	archiveVersion = 1;
	classes = {
	};
	objectVersion = 46;
	objects = {

/* Begin PBXBuildFile section */
		57DA61C5170D449100163765 /* UIKit.framework in Frameworks */ = {isa = PBXBuildFile; fileRef = 57DA61C4170D449100163765 /* UIKit.framework */; };
		57DA61C7170D449100163765 /* Foundation.framework in Frameworks */ = {isa = PBXBuildFile; fileRef = 57DA61C6170D449100163765 /* Foundation.framework */; };
		57DA61C9170D449100163765 /* CoreGraphics.framework in Frameworks */ = {isa = PBXBuildFile; fileRef = 57DA61C8170D449100163765 /* CoreGraphics.framework */; };
		57DA61CF170D449100163765 /* InfoPlist.strings in Resources */ = {isa = PBXBuildFile; fileRef = 57DA61CD170D449100163765 /* InfoPlist.strings */; };
		57DA61D1170D449100163765 /* main.m in Sources */ = {isa = PBXBuildFile; fileRef = 57DA61D0170D449100163765 /* main.m */; };
		57DA61D5170D449100163765 /* XCAppDelegate.m in Sources */ = {isa = PBXBuildFile; fileRef = 57DA61D4170D449100163765 /* XCAppDelegate.m */; };
		57DA61D7170D449100163765 /* Default.png in Resources */ = {isa = PBXBuildFile; fileRef = 57DA61D6170D449100163765 /* Default.png */; };
		57DA61D9170D449100163765 /* Default@2x.png in Resources */ = {isa = PBXBuildFile; fileRef = 57DA61D8170D449100163765 /* Default@2x.png */; };
		57DA61DB170D449100163765 /* Default-568h@2x.png in Resources */ = {isa = PBXBuildFile; fileRef = 57DA61DA170D449100163765 /* Default-568h@2x.png */; };
		57DA61E3170D449100163765 /* SenTestingKit.framework in Frameworks */ = {isa = PBXBuildFile; fileRef = 57DA61E2170D449100163765 /* SenTestingKit.framework */; };
		57DA61E4170D449100163765 /* UIKit.framework in Frameworks */ = {isa = PBXBuildFile; fileRef = 57DA61C4170D449100163765 /* UIKit.framework */; };
		57DA61E5170D449100163765 /* Foundation.framework in Frameworks */ = {isa = PBXBuildFile; fileRef = 57DA61C6170D449100163765 /* Foundation.framework */; };
		57DA61ED170D449100163765 /* InfoPlist.strings in Resources */ = {isa = PBXBuildFile; fileRef = 57DA61EB170D449100163765 /* InfoPlist.strings */; };
		57DA61F0170D449100163765 /* TestGitTests.m in Sources */ = {isa = PBXBuildFile; fileRef = 57DA61EF170D449100163765 /* TestGitTests.m */; };
/* End PBXBuildFile section */

/* Begin PBXContainerItemProxy section */
		57DA61E6170D449100163765 /* PBXContainerItemProxy */ = {
			isa = PBXContainerItemProxy;
			containerPortal = 57DA61B9170D449100163765 /* Project object */;
			proxyType = 1;
			remoteGlobalIDString = 57DA61C0170D449100163765;
			remoteInfo = TestGit;
		};
/* End PBXContainerItemProxy section */

/* Begin PBXFileReference section */
		57DA61C1170D449100163765 /* TestGit.app */ = {isa = PBXFileReference; explicitFileType = wrapper.application; includeInIndex = 0; path = TestGit.app; sourceTree = BUILT_PRODUCTS_DIR; };
		57DA61C4170D449100163765 /* UIKit.framework */ = {isa = PBXFileReference; lastKnownFileType = wrapper.framework; name = UIKit.framework; path = System/Library/Frameworks/UIKit.framework; sourceTree = SDKROOT; };
		57DA61C6170D449100163765 /* Foundation.framework */ = {isa = PBXFileReference; lastKnownFileType = wrapper.framework; name = Foundation.framework; path = System/Library/Frameworks/Foundation.framework; sourceTree = SDKROOT; };
		57DA61C8170D449100163765 /* CoreGraphics.framework */ = {isa = PBXFileReference; lastKnownFileType = wrapper.framework; name = CoreGraphics.framework; path = System/Library/Frameworks/CoreGraphics.framework; sourceTree = SDKROOT; };
		57DA61CC170D449100163765 /* TestGit-Info.plist */ = {isa = PBXFileReference; lastKnownFileType = text.plist.xml; path = "TestGit-Info.plist"; sourceTree = "<group>"; };
		57DA61CE170D449100163765 /* en */ = {isa = PBXFileReference; lastKnownFileType = text.plist.strings; name = en; path = en.lproj/InfoPlist.strings; sourceTree = "<group>"; };
		57DA61D0170D449100163765 /* main.m */ = {isa = PBXFileReference; lastKnownFileType = sourcecode.c.objc; path = main.m; sourceTree = "<group>"; };
		57DA61D2170D449100163765 /* TestGit-Prefix.pch */ = {isa = PBXFileReference; lastKnownFileType = sourcecode.c.h; path = "TestGit-Prefix.pch"; sourceTree = "<group>"; };
		57DA61D3170D449100163765 /* XCAppDelegate.h */ = {isa = PBXFileReference; lastKnownFileType = sourcecode.c.h; path = XCAppDelegate.h; sourceTree = "<group>"; };
		57DA61D4170D449100163765 /* XCAppDelegate.m */ = {isa = PBXFileReference; lastKnownFileType = sourcecode.c.objc; path = XCAppDelegate.m; sourceTree = "<group>"; };
		57DA61D6170D449100163765 /* Default.png */ = {isa = PBXFileReference; lastKnownFileType = image.png; path = Default.png; sourceTree = "<group>"; };
		57DA61D8170D449100163765 /* Default@2x.png */ = {isa = PBXFileReference; lastKnownFileType = image.png; path = "Default@2x.png"; sourceTree = "<group>"; };
		57DA61DA170D449100163765 /* Default-568h@2x.png */ = {isa = PBXFileReference; lastKnownFileType = image.png; path = "Default-568h@2x.png"; sourceTree = "<group>"; };
		57DA61E1170D449100163765 /* TestGitTests.octest */ = {isa = PBXFileReference; explicitFileType = wrapper.cfbundle; includeInIndex = 0; path = TestGitTests.octest; sourceTree = BUILT_PRODUCTS_DIR; };
		57DA61E2170D449100163765 /* SenTestingKit.framework */ = {isa = PBXFileReference; lastKnownFileType = wrapper.framework; name = SenTestingKit.framework; path = Library/Frameworks/SenTestingKit.framework; sourceTree = DEVELOPER_DIR; };
		57DA61EA170D449100163765 /* TestGitTests-Info.plist */ = {isa = PBXFileReference; lastKnownFileType = text.plist.xml; path = "TestGitTests-Info.plist"; sourceTree = "<group>"; };
		57DA61EC170D449100163765 /* en */ = {isa = PBXFileReference; lastKnownFileType = text.plist.strings; name = en; path = en.lproj/InfoPlist.strings; sourceTree = "<group>"; };
		57DA61EE170D449100163765 /* TestGitTests.h */ = {isa = PBXFileReference; lastKnownFileType = sourcecode.c.h; path = TestGitTests.h; sourceTree = "<group>"; };
		57DA61EF170D449100163765 /* TestGitTests.m */ = {isa = PBXFileReference; lastKnownFileType = sourcecode.c.objc; path = TestGitTests.m; sourceTree = "<group>"; };
/* End PBXFileReference section */

/* Begin PBXFrameworksBuildPhase section */
		57DA61BE170D449100163765 /* Frameworks */ = {
			isa = PBXFrameworksBuildPhase;
			buildActionMask = 2147483647;
			files = (
				57DA61C5170D449100163765 /* UIKit.framework in Frameworks */,
				57DA61C7170D449100163765 /* Foundation.framework in Frameworks */,
				57DA61C9170D449100163765 /* CoreGraphics.framework in Frameworks */,
			);
			runOnlyForDeploymentPostprocessing = 0;
		};
		57DA61DD170D449100163765 /* Frameworks */ = {
			isa = PBXFrameworksBuildPhase;
			buildActionMask = 2147483647;
			files = (
				57DA61E3170D449100163765 /* SenTestingKit.framework in Frameworks */,
				57DA61E4170D449100163765 /* UIKit.framework in Frameworks */,
				57DA61E5170D449100163765 /* Foundation.framework in Frameworks */,
			);
			runOnlyForDeploymentPostprocessing = 0;
		};
/* End PBXFrameworksBuildPhase section */

/* Begin PBXGroup section */
		57DA61B8170D449100163765 = {
			isa = PBXGroup;
			children = (
				57DA61CA170D449100163765 /* TestGit */,
				57DA61E8170D449100163765 /* TestGitTests */,
				57DA61C3170D449100163765 /* Frameworks */,
				57DA61C2170D449100163765 /* Products */,
			);
			sourceTree = "<group>";
		};
		57DA61C2170D449100163765 /* Products */ = {
			isa = PBXGroup;
			children = (
				57DA61C1170D449100163765 /* TestGit.app */,
				57DA61E1170D449100163765 /* TestGitTests.octest */,
			);
			name = Products;
			sourceTree = "<group>";
		};
		57DA61C3170D449100163765 /* Frameworks */ = {
			isa = PBXGroup;
			children = (
				57DA61C4170D449100163765 /* UIKit.framework */,
				57DA61C6170D449100163765 /* Foundation.framework */,
				57DA61C8170D449100163765 /* CoreGraphics.framework */,
				57DA61E2170D449100163765 /* SenTestingKit.framework */,
			);
			name = Frameworks;
			sourceTree = "<group>";
		};
		57DA61CA170D449100163765 /* TestGit */ = {
			isa = PBXGroup;
			children = (
				57DA61D3170D449100163765 /* XCAppDelegate.h */,
				57DA61D4170D449100163765 /* XCAppDelegate.m */,
				57DA61CB170D449100163765 /* Supporting Files */,
			);
			path = TestGit;
			sourceTree = "<group>";
		};
		57DA61CB170D449100163765 /* Supporting Files */ = {
			isa = PBXGroup;
			children = (
				57DA61CC170D449100163765 /* TestGit-Info.plist */,
				57DA61CD170D449100163765 /* InfoPlist.strings */,
				57DA61D0170D449100163765 /* main.m */,
				57DA61D2170D449100163765 /* TestGit-Prefix.pch */,
				57DA61D6170D449100163765 /* Default.png */,
				57DA61D8170D449100163765 /* Default@2x.png */,
				57DA61DA170D449100163765 /* Default-568h@2x.png */,
			);
			name = "Supporting Files";
			sourceTree = "<group>";
		};
		57DA61E8170D449100163765 /* TestGitTests */ = {
			isa = PBXGroup;
			children = (
				57DA61EE170D449100163765 /* TestGitTests.h */,
				57DA61EF170D449100163765 /* TestGitTests.m */,
				57DA61E9170D449100163765 /* Supporting Files */,
			);
			path = TestGitTests;
			sourceTree = "<group>";
		};
		57DA61E9170D449100163765 /* Supporting Files */ = {
			isa = PBXGroup;
			children = (
				57DA61EA170D449100163765 /* TestGitTests-Info.plist */,
				57DA61EB170D449100163765 /* InfoPlist.strings */,
			);
			name = "Supporting Files";
			sourceTree = "<group>";
		};
/* End PBXGroup section */

/* Begin PBXNativeTarget section */
		57DA61C0170D449100163765 /* TestGit */ = {
			isa = PBXNativeTarget;
			buildConfigurationList = 57DA61F3170D449100163765 /* Build configuration list for PBXNativeTarget "TestGit" */;
			buildPhases = (
				57DA61BD170D449100163765 /* Sources */,
				57DA61BE170D449100163765 /* Frameworks */,
				57DA61BF170D449100163765 /* Resources */,
			);
			buildRules = (
			);
			dependencies = (
			);
			name = TestGit;
			productName = TestGit;
			productReference = 57DA61C1170D449100163765 /* TestGit.app */;
			productType = "com.apple.product-type.application";
		};
		57DA61E0170D449100163765 /* TestGitTests */ = {
			isa = PBXNativeTarget;
			buildConfigurationList = 57DA61F6170D449100163765 /* Build configuration list for PBXNativeTarget "TestGitTests" */;
			buildPhases = (
				57DA61DC170D449100163765 /* Sources */,
				57DA61DD170D449100163765 /* Frameworks */,
				57DA61DE170D449100163765 /* Resources */,
				57DA61DF170D449100163765 /* ShellScript */,
			);
			buildRules = (
			);
			dependencies = (
				57DA61E7170D449100163765 /* PBXTargetDependency */,
			);
			name = TestGitTests;
			productName = TestGitTests;
			productReference = 57DA61E1170D449100163765 /* TestGitTests.octest */;
			productType = "com.apple.product-type.bundle";
		};
/* End PBXNativeTarget section */

/* Begin PBXProject section */
		57DA61B9170D449100163765 /* Project object */ = {
			isa = PBXProject;
			attributes = {
				CLASSPREFIX = XC;
				LastUpgradeCheck = 0460;
				ORGANIZATIONNAME = xc;
			};
			buildConfigurationList = 57DA61BC170D449100163765 /* Build configuration list for PBXProject "TestGit" */;
			compatibilityVersion = "Xcode 3.2";
			developmentRegion = English;
			hasScannedForEncodings = 0;
			knownRegions = (
				en,
			);
			mainGroup = 57DA61B8170D449100163765;
			productRefGroup = 57DA61C2170D449100163765 /* Products */;
			projectDirPath = "";
			projectRoot = "";
			targets = (
				57DA61C0170D449100163765 /* TestGit */,
				57DA61E0170D449100163765 /* TestGitTests */,
			);
		};
/* End PBXProject section */

/* Begin PBXResourcesBuildPhase section */
		57DA61BF170D449100163765 /* Resources */ = {
			isa = PBXResourcesBuildPhase;
			buildActionMask = 2147483647;
			files = (
				57DA61CF170D449100163765 /* InfoPlist.strings in Resources */,
				57DA61D7170D449100163765 /* Default.png in Resources */,
				57DA61D9170D449100163765 /* Default@2x.png in Resources */,
				57DA61DB170D449100163765 /* Default-568h@2x.png in Resources */,
			);
			runOnlyForDeploymentPostprocessing = 0;
		};
		57DA61DE170D449100163765 /* Resources */ = {
			isa = PBXResourcesBuildPhase;
			buildActionMask = 2147483647;
			files = (
				57DA61ED170D449100163765 /* InfoPlist.strings in Resources */,
			);
			runOnlyForDeploymentPostprocessing = 0;
		};
/* End PBXResourcesBuildPhase section */

/* Begin PBXShellScriptBuildPhase section */
		57DA61DF170D449100163765 /* ShellScript */ = {
			isa = PBXShellScriptBuildPhase;
			buildActionMask = 2147483647;
			files = (
			);
			inputPaths = (
			);
			outputPaths = (
			);
			runOnlyForDeploymentPostprocessing = 0;
			shellPath = /bin/sh;
			shellScript = "# Run the unit tests in this test bundle.\n\"${SYSTEM_DEVELOPER_DIR}/Tools/RunUnitTests\"\n";
		};
/* End PBXShellScriptBuildPhase section */

/* Begin PBXSourcesBuildPhase section */
		57DA61BD170D449100163765 /* Sources */ = {
			isa = PBXSourcesBuildPhase;
			buildActionMask = 2147483647;
			files = (
				57DA61D1170D449100163765 /* main.m in Sources */,
				57DA61D5170D449100163765 /* XCAppDelegate.m in Sources */,
			);
			runOnlyForDeploymentPostprocessing = 0;
		};
		57DA61DC170D449100163765 /* Sources */ = {
			isa = PBXSourcesBuildPhase;
			buildActionMask = 2147483647;
			files = (
				57DA61F0170D449100163765 /* TestGitTests.m in Sources */,
			);
			runOnlyForDeploymentPostprocessing = 0;
		};
/* End PBXSourcesBuildPhase section */

/* Begin PBXTargetDependency section */
		57DA61E7170D449100163765 /* PBXTargetDependency */ = {
			isa = PBXTargetDependency;
			target = 57DA61C0170D449100163765 /* TestGit */;
			targetProxy = 57DA61E6170D449100163765 /* PBXContainerItemProxy */;
		};
/* End PBXTargetDependency section */

/* Begin PBXVariantGroup section */
		57DA61CD170D449100163765 /* InfoPlist.strings */ = {
			isa = PBXVariantGroup;
			children = (
				57DA61CE170D449100163765 /* en */,
			);
			name = InfoPlist.strings;
			sourceTree = "<group>";
		};
		57DA61EB170D449100163765 /* InfoPlist.strings */ = {
			isa = PBXVariantGroup;
			children = (
				57DA61EC170D449100163765 /* en */,
			);
			name = InfoPlist.strings;
			sourceTree = "<group>";
		};
/* End PBXVariantGroup section */

/* Begin XCBuildConfiguration section */
		57DA61F1170D449100163765 /* Debug */ = {
			isa = XCBuildConfiguration;
			buildSettings = {
				ALWAYS_SEARCH_USER_PATHS = NO;
				CLANG_CXX_LANGUAGE_STANDARD = "gnu++0x";
				CLANG_CXX_LIBRARY = "libc++";
				CLANG_ENABLE_OBJC_ARC = YES;
				CLANG_WARN_CONSTANT_CONVERSION = YES;
				CLANG_WARN_EMPTY_BODY = YES;
				CLANG_WARN_ENUM_CONVERSION = YES;
				CLANG_WARN_INT_CONVERSION = YES;
				CLANG_WARN__DUPLICATE_METHOD_MATCH = YES;
				"CODE_SIGN_IDENTITY[sdk=iphoneos*]" = "iPhone Developer";
				COPY_PHASE_STRIP = NO;
				GCC_C_LANGUAGE_STANDARD = gnu99;
				GCC_DYNAMIC_NO_PIC = NO;
				GCC_OPTIMIZATION_LEVEL = 0;
				GCC_PREPROCESSOR_DEFINITIONS = (
					"DEBUG=1",
					"$(inherited)",
				);
				GCC_SYMBOLS_PRIVATE_EXTERN = NO;
				GCC_WARN_ABOUT_RETURN_TYPE = YES;
				GCC_WARN_UNINITIALIZED_AUTOS = YES;
				GCC_WARN_UNUSED_VARIABLE = YES;
				IPHONEOS_DEPLOYMENT_TARGET = 6.1;
				ONLY_ACTIVE_ARCH = YES;
				SDKROOT = iphoneos;
			};
			name = Debug;
		};
		57DA61F2170D449100163765 /* Release */ = {
			isa = XCBuildConfiguration;
			buildSettings = {
				ALWAYS_SEARCH_USER_PATHS = NO;
				CLANG_CXX_LANGUAGE_STANDARD = "gnu++0x";
				CLANG_CXX_LIBRARY = "libc++";
				CLANG_ENABLE_OBJC_ARC = YES;
				CLANG_WARN_CONSTANT_CONVERSION = YES;
				CLANG_WARN_EMPTY_BODY = YES;
				CLANG_WARN_ENUM_CONVERSION = YES;
				CLANG_WARN_INT_CONVERSION = YES;
				CLANG_WARN__DUPLICATE_METHOD_MATCH = YES;
				"CODE_SIGN_IDENTITY[sdk=iphoneos*]" = "iPhone Developer";
				COPY_PHASE_STRIP = YES;
				GCC_C_LANGUAGE_STANDARD = gnu99;
				GCC_WARN_ABOUT_RETURN_TYPE = YES;
				GCC_WARN_UNINITIALIZED_AUTOS = YES;
				GCC_WARN_UNUSED_VARIABLE = YES;
				IPHONEOS_DEPLOYMENT_TARGET = 6.1;
				OTHER_CFLAGS = "-DNS_BLOCK_ASSERTIONS=1";
				SDKROOT = iphoneos;
				VALIDATE_PRODUCT = YES;
			};
			name = Release;
		};
		57DA61F4170D449100163765 /* Debug */ = {
			isa = XCBuildConfiguration;
			buildSettings = {
				GCC_PRECOMPILE_PREFIX_HEADER = YES;
				GCC_PREFIX_HEADER = "TestGit/TestGit-Prefix.pch";
				INFOPLIST_FILE = "TestGit/TestGit-Info.plist";
				PRODUCT_NAME = "$(TARGET_NAME)";
				WRAPPER_EXTENSION = app;
			};
			name = Debug;
		};
		57DA61F5170D449100163765 /* Release */ = {
			isa = XCBuildConfiguration;
			buildSettings = {
				GCC_PRECOMPILE_PREFIX_HEADER = YES;
				GCC_PREFIX_HEADER = "TestGit/TestGit-Prefix.pch";
				INFOPLIST_FILE = "TestGit/TestGit-Info.plist";
				PRODUCT_NAME = "$(TARGET_NAME)";
				WRAPPER_EXTENSION = app;
			};
			name = Release;
		};
		57DA61F7170D449100163765 /* Debug */ = {
			isa = XCBuildConfiguration;
			buildSettings = {
				BUNDLE_LOADER = "$(BUILT_PRODUCTS_DIR)/TestGit.app/TestGit";
				FRAMEWORK_SEARCH_PATHS = (
					"\"$(SDKROOT)/Developer/Library/Frameworks\"",
					"\"$(DEVELOPER_LIBRARY_DIR)/Frameworks\"",
				);
				GCC_PRECOMPILE_PREFIX_HEADER = YES;
				GCC_PREFIX_HEADER = "TestGit/TestGit-Prefix.pch";
				INFOPLIST_FILE = "TestGitTests/TestGitTests-Info.plist";
				PRODUCT_NAME = "$(TARGET_NAME)";
				TEST_HOST = "$(BUNDLE_LOADER)";
				WRAPPER_EXTENSION = octest;
			};
			name = Debug;
		};
		57DA61F8170D449100163765 /* Release */ = {
			isa = XCBuildConfiguration;
			buildSettings = {
				BUNDLE_LOADER = "$(BUILT_PRODUCTS_DIR)/TestGit.app/TestGit";
				FRAMEWORK_SEARCH_PATHS = (
					"\"$(SDKROOT)/Developer/Library/Frameworks\"",
					"\"$(DEVELOPER_LIBRARY_DIR)/Frameworks\"",
				);
				GCC_PRECOMPILE_PREFIX_HEADER = YES;
				GCC_PREFIX_HEADER = "TestGit/TestGit-Prefix.pch";
				INFOPLIST_FILE = "TestGitTests/TestGitTests-Info.plist";
				PRODUCT_NAME = "$(TARGET_NAME)";
				TEST_HOST = "$(BUNDLE_LOADER)";
				WRAPPER_EXTENSION = octest;
			};
			name = Release;
		};
/* End XCBuildConfiguration section */

/* Begin XCConfigurationList section */
		57DA61BC170D449100163765 /* Build configuration list for PBXProject "TestGit" */ = {
			isa = XCConfigurationList;
			buildConfigurations = (
				57DA61F1170D449100163765 /* Debug */,
				57DA61F2170D449100163765 /* Release */,
			);
			defaultConfigurationIsVisible = 0;
			defaultConfigurationName = Release;
		};
		57DA61F3170D449100163765 /* Build configuration list for PBXNativeTarget "TestGit" */ = {
			isa = XCConfigurationList;
			buildConfigurations = (
				57DA61F4170D449100163765 /* Debug */,
				57DA61F5170D449100163765 /* Release */,
			);
			defaultConfigurationIsVisible = 0;
		};
		57DA61F6170D449100163765 /* Build configuration list for PBXNativeTarget "TestGitTests" */ = {
			isa = XCConfigurationList;
			buildConfigurations = (
				57DA61F7170D449100163765 /* Debug */,
				57DA61F8170D449100163765 /* Release */,
			);
			defaultConfigurationIsVisible = 0;
		};
/* End XCConfigurationList section */
	};
	rootObject = 57DA61B9170D449100163765 /* Project object */;
}
